
Microsoft Visual Studio Solution File, Format Version 12.00
# Visual Studio Version 17
VisualStudioVersion = 17.2.32516.85
MinimumVisualStudioVersion = 10.0.40219.1
Project("{FAE04EC0-301F-11D3-BF4B-00C04F79EFBC}") = "FCS", "FCS.csproj", "{DF11A187-AE76-406A-9F55-B75BD0E1FC19}"
EndProject
Global
	GlobalSection(SolutionConfigurationPlatforms) = preSolution
		Debug|Any CPU = Debug|Any CPU
		Release|Any CPU = Release|Any CPU
	EndGlobalSection
	GlobalSection(ProjectConfigurationPlatforms) = postSolution
		{DF11A187-AE76-406A-9F55-B75BD0E1FC19}.Debug|Any CPU.ActiveCfg = Debug|Any CPU
		{DF11A187-AE76-406A-9F55-B75BD0E1FC19}.Debug|Any CPU.Build.0 = Debug|Any CPU
		{DF11A187-AE76-406A-9F55-B75BD0E1FC19}.Release|Any CPU.ActiveCfg = Release|Any CPU
		{DF11A187-AE76-406A-9F55-B75BD0E1FC19}.Release|Any CPU.Build.0 = Release|Any CPU
	EndGlobalSection
	GlobalSection(SolutionProperties) = preSolution
		HideSolutionNode = FALSE
	EndGlobalSection
	GlobalSection(ExtensibilityGlobals) = postSolution
		SolutionGuid = {FC0E0DAA-892C-4041-8BD8-0EAF603B73EA}
	EndGlobalSection
EndGlobal
